{
  "name": "site-source",
  "version": "3.0.3",
  "lockfileVersion": 1,
  "requires": true,
  "dependencies": {
    "@fortawesome/fontawesome-free-webfonts": {
      "version": "1.0.4",
      "resolved": "https://npm.abeck.io:443/@fortawesome%2ffontawesome-free-webfonts/-/fontawesome-free-webfonts-1.0.4.tgz",
      "integrity": "sha512-uYd3d748klO7/+0N2F0JFYO1JeSR8/VF50S2+anI3/tG56GDAaT7fwTwlhv3N+C023f4vw3z7IPRc9ixstaAcw==",
      "dev": true
    }
  }
}
